
Microsoft Visual Studio Solution File, Format Version 12.00
# Visual Studio Version 17
VisualStudioVersion = 17.12.35506.116 d17.12
MinimumVisualStudioVersion = 10.0.40219.1
Project("{2150E333-8FDC-42A3-9474-1A3956D46DE8}") = "Services", "Services", "{CDE92212-961A-4310-BCB9-1CEF5D188F33}"
EndProject
Project("{2150E333-8FDC-42A3-9474-1A3956D46DE8}") = "Catalog", "Catalog", "{61F5F79A-B447-42BA-9B72-42459589D269}"
EndProject
Project("{FAE04EC0-301F-11D3-BF4B-00C04F79EFBC}") = "Catalog.API", "..\src\Services\Catalog\Catalog.API\Catalog.API.csproj", "{AB8CC709-BD4E-4C47-A655-285FF3C4C80D}"
EndProject
Global
	GlobalSection(SolutionConfigurationPlatforms) = preSolution
		Debug|Any CPU = Debug|Any CPU
		Release|Any CPU = Release|Any CPU
	EndGlobalSection
	GlobalSection(ProjectConfigurationPlatforms) = postSolution
		{AB8CC709-BD4E-4C47-A655-285FF3C4C80D}.Debug|Any CPU.ActiveCfg = Debug|Any CPU
		{AB8CC709-BD4E-4C47-A655-285FF3C4C80D}.Debug|Any CPU.Build.0 = Debug|Any CPU
		{AB8CC709-BD4E-4C47-A655-285FF3C4C80D}.Release|Any CPU.ActiveCfg = Release|Any CPU
		{AB8CC709-BD4E-4C47-A655-285FF3C4C80D}.Release|Any CPU.Build.0 = Release|Any CPU
	EndGlobalSection
	GlobalSection(SolutionProperties) = preSolution
		HideSolutionNode = FALSE
	EndGlobalSection
	GlobalSection(NestedProjects) = preSolution
		{61F5F79A-B447-42BA-9B72-42459589D269} = {CDE92212-961A-4310-BCB9-1CEF5D188F33}
		{AB8CC709-BD4E-4C47-A655-285FF3C4C80D} = {61F5F79A-B447-42BA-9B72-42459589D269}
	EndGlobalSection
EndGlobal
